# This file was autogenerated by Stack.
# You should not edit this file by hand.
# For more information, please see the documentation at:
#   https://docs.haskellstack.org/en/stable/lock_files

packages:
- completed:
    size: 17908
    url: https://github.com/PLSysSec/frankie/archive/8894b528847a9f3bdef7ec47e905fc81081c2940.tar.gz
    name: frankie
    version: 0.0.0.1
    sha256: 79e202bd6bf8316aa402be2554ac5f5712724a199e721438d0b764c61e6913c2
    pantry-tree:
      size: 1017
      sha256: 8bb2c1ca960e6ccc2861abd25ee984c842651ece475302f49dd6899431bdb5fe
  original:
    url: https://github.com/PLSysSec/frankie/archive/8894b528847a9f3bdef7ec47e905fc81081c2940.tar.gz
- completed:
    hackage: smtp-mail-0.3.0.0@sha256:2e6d9cb29d09a5a04d77a905eb1b570b94b5654e24d40630ea96aa374474c12f,1239
    pantry-tree:
      size: 450
      sha256: 4d319cb6c22b35ca043a83210cd09bfbf99eec3dca4945cd53ed5b7c96f7daca
  original:
    hackage: smtp-mail-0.3.0.0
snapshots:
- completed:
    size: 496111
    url: https://raw.githubusercontent.com/commercialhaskell/stackage-snapshots/master/lts/15/14.yaml
    sha256: c442d702d66b8c129b3473a32c609050aabf1dc2f8e8502402c143271a8fb141
  original: lts-15.14
